
Microsoft Visual Studio Solution File, Format Version 12.00
# Visual Studio 15
VisualStudioVersion = 15.0.28307.572
MinimumVisualStudioVersion = 10.0.40219.1
Project("{D954291E-2A0B-460D-934E-DC6B0785DB48}") = "ButtonTapped.Shared", "ButtonTapped\ButtonTapped.Shared\ButtonTapped.Shared.shproj", "{6279C845-92F8-4333-AB99-3D213163593C}"
EndProject
Project("{FAE04EC0-301F-11D3-BF4B-00C04F79EFBC}") = "ButtonTapped.Droid", "ButtonTapped\ButtonTapped.Droid\ButtonTapped.Droid.csproj", "{4D0BFE16-E9E1-40CB-895C-471103395EF3}"
EndProject
Project("{FAE04EC0-301F-11D3-BF4B-00C04F79EFBC}") = "ButtonTapped.iOS", "ButtonTapped\ButtonTapped.iOS\ButtonTapped.iOS.csproj", "{CE3371B5-1C16-466F-A6FC-57425E6CBA33}"
EndProject
Project("{FAE04EC0-301F-11D3-BF4B-00C04F79EFBC}") = "ButtonTapped.UWP", "ButtonTapped\ButtonTapped.UWP\ButtonTapped.UWP.csproj", "{5A498795-74D4-4C47-ABBD-2C11AB76B7C5}"
EndProject
Project("{FAE04EC0-301F-11D3-BF4B-00C04F79EFBC}") = "ButtonTapped.Wasm", "ButtonTapped\ButtonTapped.Wasm\ButtonTapped.Wasm.csproj", "{C36AD0C1-26BD-4E19-8810-FB26EBC06E1D}"
EndProject
Global
	GlobalSection(SharedMSBuildProjectFiles) = preSolution
		ButtonTapped\ButtonTapped.Shared\ButtonTapped.Shared.projitems*{6279c845-92f8-4333-ab99-3d213163593c}*SharedItemsImports = 13
	EndGlobalSection
	GlobalSection(SolutionConfigurationPlatforms) = preSolution
		Ad-Hoc|Any CPU = Ad-Hoc|Any CPU
		Ad-Hoc|ARM = Ad-Hoc|ARM
		Ad-Hoc|iPhone = Ad-Hoc|iPhone
		Ad-Hoc|iPhoneSimulator = Ad-Hoc|iPhoneSimulator
		Ad-Hoc|x64 = Ad-Hoc|x64
		Ad-Hoc|x86 = Ad-Hoc|x86
		AppStore|Any CPU = AppStore|Any CPU
		AppStore|ARM = AppStore|ARM
		AppStore|iPhone = AppStore|iPhone
		AppStore|iPhoneSimulator = AppStore|iPhoneSimulator
		AppStore|x64 = AppStore|x64
		AppStore|x86 = AppStore|x86
		Debug|Any CPU = Debug|Any CPU
		Debug|ARM = Debug|ARM
		Debug|iPhone = Debug|iPhone
		Debug|iPhoneSimulator = Debug|iPhoneSimulator
		Debug|x64 = Debug|x64
		Debug|x86 = Debug|x86
		Release|Any CPU = Release|Any CPU
		Release|ARM = Release|ARM
		Release|iPhone = Release|iPhone
		Release|iPhoneSimulator = Release|iPhoneSimulator
		Release|x64 = Release|x64
		Release|x86 = Release|x86
	EndGlobalSection
	GlobalSection(ProjectConfigurationPlatforms) = postSolution
		{4D0BFE16-E9E1-40CB-895C-471103395EF3}.Ad-Hoc|Any CPU.ActiveCfg = Release|Any CPU
		{4D0BFE16-E9E1-40CB-895C-471103395EF3}.Ad-Hoc|Any CPU.Build.0 = Release|Any CPU
		{4D0BFE16-E9E1-40CB-895C-471103395EF3}.Ad-Hoc|Any CPU.Deploy.0 = Release|Any CPU
		{4D0BFE16-E9E1-40CB-895C-471103395EF3}.Ad-Hoc|ARM.ActiveCfg = Release|Any CPU
		{4D0BFE16-E9E1-40CB-895C-471103395EF3}.Ad-Hoc|ARM.Build.0 = Release|Any CPU
		{4D0BFE16-E9E1-40CB-895C-471103395EF3}.Ad-Hoc|ARM.Deploy.0 = Release|Any CPU
		{4D0BFE16-E9E1-40CB-895C-471103395EF3}.Ad-Hoc|iPhone.ActiveCfg = Release|Any CPU
		{4D0BFE16-E9E1-40CB-895C-471103395EF3}.Ad-Hoc|iPhone.Build.0 = Release|Any CPU
		{4D0BFE16-E9E1-40CB-895C-471103395EF3}.Ad-Hoc|iPhone.Deploy.0 = Release|Any CPU
		{4D0BFE16-E9E1-40CB-895C-471103395EF3}.Ad-Hoc|iPhoneSimulator.ActiveCfg = Release|Any CPU
		{4D0BFE16-E9E1-40CB-895C-471103395EF3}.Ad-Hoc|iPhoneSimulator.Build.0 = Release|Any CPU
		{4D0BFE16-E9E1-40CB-895C-471103395EF3}.Ad-Hoc|iPhoneSimulator.Deploy.0 = Release|Any CPU
		{4D0BFE16-E9E1-40CB-895C-471103395EF3}.Ad-Hoc|x64.ActiveCfg = Release|Any CPU
		{4D0BFE16-E9E1-40CB-895C-471103395EF3}.Ad-Hoc|x64.Build.0 = Release|Any CPU
		{4D0BFE16-E9E1-40CB-895C-471103395EF3}.Ad-Hoc|x64.Deploy.0 = Release|Any CPU
		{4D0BFE16-E9E1-40CB-895C-471103395EF3}.Ad-Hoc|x86.ActiveCfg = Release|Any CPU
		{4D0BFE16-E9E1-40CB-895C-471103395EF3}.Ad-Hoc|x86.Build.0 = Release|Any CPU
		{4D0BFE16-E9E1-40CB-895C-471103395EF3}.Ad-Hoc|x86.Deploy.0 = Release|Any CPU
		{4D0BFE16-E9E1-40CB-895C-471103395EF3}.AppStore|Any CPU.ActiveCfg = Release|Any CPU
		{4D0BFE16-E9E1-40CB-895C-471103395EF3}.AppStore|Any CPU.Build.0 = Release|Any CPU
		{4D0BFE16-E9E1-40CB-895C-471103395EF3}.AppStore|Any CPU.Deploy.0 = Release|Any CPU
		{4D0BFE16-E9E1-40CB-895C-471103395EF3}.AppStore|ARM.ActiveCfg = Release|Any CPU
		{4D0BFE16-E9E1-40CB-895C-471103395EF3}.AppStore|ARM.Build.0 = Release|Any CPU
		{4D0BFE16-E9E1-40CB-895C-471103395EF3}.AppStore|ARM.Deploy.0 = Release|Any CPU
		{4D0BFE16-E9E1-40CB-895C-471103395EF3}.AppStore|iPhone.ActiveCfg = Release|Any CPU
		{4D0BFE16-E9E1-40CB-895C-471103395EF3}.AppStore|iPhone.Build.0 = Release|Any CPU
		{4D0BFE16-E9E1-40CB-895C-471103395EF3}.AppStore|iPhone.Deploy.0 = Release|Any CPU
		{4D0BFE16-E9E1-40CB-895C-471103395EF3}.AppStore|iPhoneSimulator.ActiveCfg = Release|Any CPU
		{4D0BFE16-E9E1-40CB-895C-471103395EF3}.AppStore|iPhoneSimulator.Build.0 = Release|Any CPU
		{4D0BFE16-E9E1-40CB-895C-471103395EF3}.AppStore|iPhoneSimulator.Deploy.0 = Release|Any CPU
		{4D0BFE16-E9E1-40CB-895C-471103395EF3}.AppStore|x64.ActiveCfg = Release|Any CPU
		{4D0BFE16-E9E1-40CB-895C-471103395EF3}.AppStore|x64.Build.0 = Release|Any CPU
		{4D0BFE16-E9E1-40CB-895C-471103395EF3}.AppStore|x64.Deploy.0 = Release|Any CPU
		{4D0BFE16-E9E1-40CB-895C-471103395EF3}.AppStore|x86.ActiveCfg = Release|Any CPU
		{4D0BFE16-E9E1-40CB-895C-471103395EF3}.AppStore|x86.Build.0 = Release|Any CPU
		{4D0BFE16-E9E1-40CB-895C-471103395EF3}.AppStore|x86.Deploy.0 = Release|Any CPU
		{4D0BFE16-E9E1-40CB-895C-471103395EF3}.Debug|Any CPU.ActiveCfg = Debug|Any CPU
		{4D0BFE16-E9E1-40CB-895C-471103395EF3}.Debug|Any CPU.Build.0 = Debug|Any CPU
		{4D0BFE16-E9E1-40CB-895C-471103395EF3}.Debug|Any CPU.Deploy.0 = Debug|Any CPU
		{4D0BFE16-E9E1-40CB-895C-471103395EF3}.Debug|ARM.ActiveCfg = Debug|Any CPU
		{4D0BFE16-E9E1-40CB-895C-471103395EF3}.Debug|ARM.Build.0 = Debug|Any CPU
		{4D0BFE16-E9E1-40CB-895C-471103395EF3}.Debug|ARM.Deploy.0 = Debug|Any CPU
		{4D0BFE16-E9E1-40CB-895C-471103395EF3}.Debug|iPhone.ActiveCfg = Debug|Any CPU
		{4D0BFE16-E9E1-40CB-895C-471103395EF3}.Debug|iPhone.Build.0 = Debug|Any CPU
		{4D0BFE16-E9E1-40CB-895C-471103395EF3}.Debug|iPhone.Deploy.0 = Debug|Any CPU
		{4D0BFE16-E9E1-40CB-895C-471103395EF3}.Debug|iPhoneSimulator.ActiveCfg = Debug|Any CPU
		{4D0BFE16-E9E1-40CB-895C-471103395EF3}.Debug|iPhoneSimulator.Build.0 = Debug|Any CPU
		{4D0BFE16-E9E1-40CB-895C-471103395EF3}.Debug|iPhoneSimulator.Deploy.0 = Debug|Any CPU
		{4D0BFE16-E9E1-40CB-895C-471103395EF3}.Debug|x64.ActiveCfg = Debug|Any CPU
		{4D0BFE16-E9E1-40CB-895C-471103395EF3}.Debug|x64.Build.0 = Debug|Any CPU
		{4D0BFE16-E9E1-40CB-895C-471103395EF3}.Debug|x64.Deploy.0 = Debug|Any CPU
		{4D0BFE16-E9E1-40CB-895C-471103395EF3}.Debug|x86.ActiveCfg = Debug|Any CPU
		{4D0BFE16-E9E1-40CB-895C-471103395EF3}.Debug|x86.Build.0 = Debug|Any CPU
		{4D0BFE16-E9E1-40CB-895C-471103395EF3}.Debug|x86.Deploy.0 = Debug|Any CPU
		{4D0BFE16-E9E1-40CB-895C-471103395EF3}.Release|Any CPU.ActiveCfg = Release|Any CPU
		{4D0BFE16-E9E1-40CB-895C-471103395EF3}.Release|Any CPU.Build.0 = Release|Any CPU
		{4D0BFE16-E9E1-40CB-895C-471103395EF3}.Release|Any CPU.Deploy.0 = Release|Any CPU
		{4D0BFE16-E9E1-40CB-895C-471103395EF3}.Release|ARM.ActiveCfg = Release|Any CPU
		{4D0BFE16-E9E1-40CB-895C-471103395EF3}.Release|ARM.Build.0 = Release|Any CPU
		{4D0BFE16-E9E1-40CB-895C-471103395EF3}.Release|ARM.Deploy.0 = Release|Any CPU
		{4D0BFE16-E9E1-40CB-895C-471103395EF3}.Release|iPhone.ActiveCfg = Release|Any CPU
		{4D0BFE16-E9E1-40CB-895C-471103395EF3}.Release|iPhone.Build.0 = Release|Any CPU
		{4D0BFE16-E9E1-40CB-895C-471103395EF3}.Release|iPhone.Deploy.0 = Release|Any CPU
		{4D0BFE16-E9E1-40CB-895C-471103395EF3}.Release|iPhoneSimulator.ActiveCfg = Release|Any CPU
		{4D0BFE16-E9E1-40CB-895C-471103395EF3}.Release|iPhoneSimulator.Build.0 = Release|Any CPU
		{4D0BFE16-E9E1-40CB-895C-471103395EF3}.Release|iPhoneSimulator.Deploy.0 = Release|Any CPU
		{4D0BFE16-E9E1-40CB-895C-471103395EF3}.Release|x64.ActiveCfg = Release|Any CPU
		{4D0BFE16-E9E1-40CB-895C-471103395EF3}.Release|x64.Build.0 = Release|Any CPU
		{4D0BFE16-E9E1-40CB-895C-471103395EF3}.Release|x64.Deploy.0 = Release|Any CPU
		{4D0BFE16-E9E1-40CB-895C-471103395EF3}.Release|x86.ActiveCfg = Release|Any CPU
		{4D0BFE16-E9E1-40CB-895C-471103395EF3}.Release|x86.Build.0 = Release|Any CPU
		{4D0BFE16-E9E1-40CB-895C-471103395EF3}.Release|x86.Deploy.0 = Release|Any CPU
		{CE3371B5-1C16-466F-A6FC-57425E6CBA33}.Ad-Hoc|Any CPU.ActiveCfg = Ad-Hoc|iPhone
		{CE3371B5-1C16-466F-A6FC-57425E6CBA33}.Ad-Hoc|ARM.ActiveCfg = Ad-Hoc|iPhone
		{CE3371B5-1C16-466F-A6FC-57425E6CBA33}.Ad-Hoc|iPhone.ActiveCfg = Ad-Hoc|iPhone
		{CE3371B5-1C16-466F-A6FC-57425E6CBA33}.Ad-Hoc|iPhone.Build.0 = Ad-Hoc|iPhone
		{CE3371B5-1C16-466F-A6FC-57425E6CBA33}.Ad-Hoc|iPhoneSimulator.ActiveCfg = Ad-Hoc|iPhoneSimulator
		{CE3371B5-1C16-466F-A6FC-57425E6CBA33}.Ad-Hoc|iPhoneSimulator.Build.0 = Ad-Hoc|iPhoneSimulator
		{CE3371B5-1C16-466F-A6FC-57425E6CBA33}.Ad-Hoc|x64.ActiveCfg = Ad-Hoc|iPhone
		{CE3371B5-1C16-466F-A6FC-57425E6CBA33}.Ad-Hoc|x86.ActiveCfg = Ad-Hoc|iPhone
		{CE3371B5-1C16-466F-A6FC-57425E6CBA33}.AppStore|Any CPU.ActiveCfg = AppStore|iPhone
		{CE3371B5-1C16-466F-A6FC-57425E6CBA33}.AppStore|ARM.ActiveCfg = AppStore|iPhone
		{CE3371B5-1C16-466F-A6FC-57425E6CBA33}.AppStore|iPhone.ActiveCfg = AppStore|iPhone
		{CE3371B5-1C16-466F-A6FC-57425E6CBA33}.AppStore|iPhone.Build.0 = AppStore|iPhone
		{CE3371B5-1C16-466F-A6FC-57425E6CBA33}.AppStore|iPhoneSimulator.ActiveCfg = AppStore|iPhoneSimulator
		{CE3371B5-1C16-466F-A6FC-57425E6CBA33}.AppStore|iPhoneSimulator.Build.0 = AppStore|iPhoneSimulator
		{CE3371B5-1C16-466F-A6FC-57425E6CBA33}.AppStore|x64.ActiveCfg = AppStore|iPhone
		{CE3371B5-1C16-466F-A6FC-57425E6CBA33}.AppStore|x86.ActiveCfg = AppStore|iPhone
		{CE3371B5-1C16-466F-A6FC-57425E6CBA33}.Debug|Any CPU.ActiveCfg = Debug|iPhone
		{CE3371B5-1C16-466F-A6FC-57425E6CBA33}.Debug|ARM.ActiveCfg = Debug|iPhone
		{CE3371B5-1C16-466F-A6FC-57425E6CBA33}.Debug|iPhone.ActiveCfg = Debug|iPhone
		{CE3371B5-1C16-466F-A6FC-57425E6CBA33}.Debug|iPhone.Build.0 = Debug|iPhone
		{CE3371B5-1C16-466F-A6FC-57425E6CBA33}.Debug|iPhoneSimulator.ActiveCfg = Debug|iPhoneSimulator
		{CE3371B5-1C16-466F-A6FC-57425E6CBA33}.Debug|iPhoneSimulator.Build.0 = Debug|iPhoneSimulator
		{CE3371B5-1C16-466F-A6FC-57425E6CBA33}.Debug|x64.ActiveCfg = Debug|iPhone
		{CE3371B5-1C16-466F-A6FC-57425E6CBA33}.Debug|x86.ActiveCfg = Debug|iPhone
		{CE3371B5-1C16-466F-A6FC-57425E6CBA33}.Release|Any CPU.ActiveCfg = Release|iPhone
		{CE3371B5-1C16-466F-A6FC-57425E6CBA33}.Release|ARM.ActiveCfg = Release|iPhone
		{CE3371B5-1C16-466F-A6FC-57425E6CBA33}.Release|iPhone.ActiveCfg = Release|iPhone
		{CE3371B5-1C16-466F-A6FC-57425E6CBA33}.Release|iPhone.Build.0 = Release|iPhone
		{CE3371B5-1C16-466F-A6FC-57425E6CBA33}.Release|iPhoneSimulator.ActiveCfg = Release|iPhoneSimulator
		{CE3371B5-1C16-466F-A6FC-57425E6CBA33}.Release|iPhoneSimulator.Build.0 = Release|iPhoneSimulator
		{CE3371B5-1C16-466F-A6FC-57425E6CBA33}.Release|x64.ActiveCfg = Release|iPhone
		{CE3371B5-1C16-466F-A6FC-57425E6CBA33}.Release|x86.ActiveCfg = Release|iPhone
		{5A498795-74D4-4C47-ABBD-2C11AB76B7C5}.Ad-Hoc|Any CPU.ActiveCfg = Release|x64
		{5A498795-74D4-4C47-ABBD-2C11AB76B7C5}.Ad-Hoc|Any CPU.Build.0 = Release|x64
		{5A498795-74D4-4C47-ABBD-2C11AB76B7C5}.Ad-Hoc|Any CPU.Deploy.0 = Release|x64
		{5A498795-74D4-4C47-ABBD-2C11AB76B7C5}.Ad-Hoc|ARM.ActiveCfg = Release|ARM
		{5A498795-74D4-4C47-ABBD-2C11AB76B7C5}.Ad-Hoc|ARM.Build.0 = Release|ARM
		{5A498795-74D4-4C47-ABBD-2C11AB76B7C5}.Ad-Hoc|ARM.Deploy.0 = Release|ARM
		{5A498795-74D4-4C47-ABBD-2C11AB76B7C5}.Ad-Hoc|iPhone.ActiveCfg = Release|x64
		{5A498795-74D4-4C47-ABBD-2C11AB76B7C5}.Ad-Hoc|iPhone.Build.0 = Release|x64
		{5A498795-74D4-4C47-ABBD-2C11AB76B7C5}.Ad-Hoc|iPhone.Deploy.0 = Release|x64
		{5A498795-74D4-4C47-ABBD-2C11AB76B7C5}.Ad-Hoc|iPhoneSimulator.ActiveCfg = Release|x64
		{5A498795-74D4-4C47-ABBD-2C11AB76B7C5}.Ad-Hoc|iPhoneSimulator.Build.0 = Release|x64
		{5A498795-74D4-4C47-ABBD-2C11AB76B7C5}.Ad-Hoc|iPhoneSimulator.Deploy.0 = Release|x64
		{5A498795-74D4-4C47-ABBD-2C11AB76B7C5}.Ad-Hoc|x64.ActiveCfg = Release|x64
		{5A498795-74D4-4C47-ABBD-2C11AB76B7C5}.Ad-Hoc|x64.Build.0 = Release|x64
		{5A498795-74D4-4C47-ABBD-2C11AB76B7C5}.Ad-Hoc|x64.Deploy.0 = Release|x64
		{5A498795-74D4-4C47-ABBD-2C11AB76B7C5}.Ad-Hoc|x86.ActiveCfg = Release|x86
		{5A498795-74D4-4C47-ABBD-2C11AB76B7C5}.Ad-Hoc|x86.Build.0 = Release|x86
		{5A498795-74D4-4C47-ABBD-2C11AB76B7C5}.Ad-Hoc|x86.Deploy.0 = Release|x86
		{5A498795-74D4-4C47-ABBD-2C11AB76B7C5}.AppStore|Any CPU.ActiveCfg = Release|x64
		{5A498795-74D4-4C47-ABBD-2C11AB76B7C5}.AppStore|Any CPU.Build.0 = Release|x64
		{5A498795-74D4-4C47-ABBD-2C11AB76B7C5}.AppStore|Any CPU.Deploy.0 = Release|x64
		{5A498795-74D4-4C47-ABBD-2C11AB76B7C5}.AppStore|ARM.ActiveCfg = Release|ARM
		{5A498795-74D4-4C47-ABBD-2C11AB76B7C5}.AppStore|ARM.Build.0 = Release|ARM
		{5A498795-74D4-4C47-ABBD-2C11AB76B7C5}.AppStore|ARM.Deploy.0 = Release|ARM
		{5A498795-74D4-4C47-ABBD-2C11AB76B7C5}.AppStore|iPhone.ActiveCfg = Release|x64
		{5A498795-74D4-4C47-ABBD-2C11AB76B7C5}.AppStore|iPhone.Build.0 = Release|x64
		{5A498795-74D4-4C47-ABBD-2C11AB76B7C5}.AppStore|iPhone.Deploy.0 = Release|x64
		{5A498795-74D4-4C47-ABBD-2C11AB76B7C5}.AppStore|iPhoneSimulator.ActiveCfg = Release|x64
		{5A498795-74D4-4C47-ABBD-2C11AB76B7C5}.AppStore|iPhoneSimulator.Build.0 = Release|x64
		{5A498795-74D4-4C47-ABBD-2C11AB76B7C5}.AppStore|iPhoneSimulator.Deploy.0 = Release|x64
		{5A498795-74D4-4C47-ABBD-2C11AB76B7C5}.AppStore|x64.ActiveCfg = Release|x64
		{5A498795-74D4-4C47-ABBD-2C11AB76B7C5}.AppStore|x64.Build.0 = Release|x64
		{5A498795-74D4-4C47-ABBD-2C11AB76B7C5}.AppStore|x64.Deploy.0 = Release|x64
		{5A498795-74D4-4C47-ABBD-2C11AB76B7C5}.AppStore|x86.ActiveCfg = Release|x86
		{5A498795-74D4-4C47-ABBD-2C11AB76B7C5}.AppStore|x86.Build.0 = Release|x86
		{5A498795-74D4-4C47-ABBD-2C11AB76B7C5}.AppStore|x86.Deploy.0 = Release|x86
		{5A498795-74D4-4C47-ABBD-2C11AB76B7C5}.Debug|Any CPU.ActiveCfg = Debug|x86
		{5A498795-74D4-4C47-ABBD-2C11AB76B7C5}.Debug|ARM.ActiveCfg = Debug|ARM
		{5A498795-74D4-4C47-ABBD-2C11AB76B7C5}.Debug|ARM.Build.0 = Debug|ARM
		{5A498795-74D4-4C47-ABBD-2C11AB76B7C5}.Debug|ARM.Deploy.0 = Debug|ARM
		{5A498795-74D4-4C47-ABBD-2C11AB76B7C5}.Debug|iPhone.ActiveCfg = Debug|x86
		{5A498795-74D4-4C47-ABBD-2C11AB76B7C5}.Debug|iPhoneSimulator.ActiveCfg = Debug|x86
		{5A498795-74D4-4C47-ABBD-2C11AB76B7C5}.Debug|x64.ActiveCfg = Debug|x64
		{5A498795-74D4-4C47-ABBD-2C11AB76B7C5}.Debug|x64.Build.0 = Debug|x64
		{5A498795-74D4-4C47-ABBD-2C11AB76B7C5}.Debug|x64.Deploy.0 = Debug|x64
		{5A498795-74D4-4C47-ABBD-2C11AB76B7C5}.Debug|x86.ActiveCfg = Debug|x86
		{5A498795-74D4-4C47-ABBD-2C11AB76B7C5}.Debug|x86.Build.0 = Debug|x86
		{5A498795-74D4-4C47-ABBD-2C11AB76B7C5}.Debug|x86.Deploy.0 = Debug|x86
		{5A498795-74D4-4C47-ABBD-2C11AB76B7C5}.Release|Any CPU.ActiveCfg = Release|x86
		{5A498795-74D4-4C47-ABBD-2C11AB76B7C5}.Release|ARM.ActiveCfg = Release|ARM
		{5A498795-74D4-4C47-ABBD-2C11AB76B7C5}.Release|ARM.Build.0 = Release|ARM
		{5A498795-74D4-4C47-ABBD-2C11AB76B7C5}.Release|ARM.Deploy.0 = Release|ARM
		{5A498795-74D4-4C47-ABBD-2C11AB76B7C5}.Release|iPhone.ActiveCfg = Release|x86
		{5A498795-74D4-4C47-ABBD-2C11AB76B7C5}.Release|iPhoneSimulator.ActiveCfg = Release|x86
		{5A498795-74D4-4C47-ABBD-2C11AB76B7C5}.Release|x64.ActiveCfg = Release|x64
		{5A498795-74D4-4C47-ABBD-2C11AB76B7C5}.Release|x64.Build.0 = Release|x64
		{5A498795-74D4-4C47-ABBD-2C11AB76B7C5}.Release|x64.Deploy.0 = Release|x64
		{5A498795-74D4-4C47-ABBD-2C11AB76B7C5}.Release|x86.ActiveCfg = Release|x86
		{5A498795-74D4-4C47-ABBD-2C11AB76B7C5}.Release|x86.Build.0 = Release|x86
		{5A498795-74D4-4C47-ABBD-2C11AB76B7C5}.Release|x86.Deploy.0 = Release|x86
		{C36AD0C1-26BD-4E19-8810-FB26EBC06E1D}.Ad-Hoc|Any CPU.ActiveCfg = Debug|Any CPU
		{C36AD0C1-26BD-4E19-8810-FB26EBC06E1D}.Ad-Hoc|Any CPU.Build.0 = Debug|Any CPU
		{C36AD0C1-26BD-4E19-8810-FB26EBC06E1D}.Ad-Hoc|ARM.ActiveCfg = Debug|Any CPU
		{C36AD0C1-26BD-4E19-8810-FB26EBC06E1D}.Ad-Hoc|ARM.Build.0 = Debug|Any CPU
		{C36AD0C1-26BD-4E19-8810-FB26EBC06E1D}.Ad-Hoc|iPhone.ActiveCfg = Debug|Any CPU
		{C36AD0C1-26BD-4E19-8810-FB26EBC06E1D}.Ad-Hoc|iPhone.Build.0 = Debug|Any CPU
		{C36AD0C1-26BD-4E19-8810-FB26EBC06E1D}.Ad-Hoc|iPhoneSimulator.ActiveCfg = Debug|Any CPU
		{C36AD0C1-26BD-4E19-8810-FB26EBC06E1D}.Ad-Hoc|iPhoneSimulator.Build.0 = Debug|Any CPU
		{C36AD0C1-26BD-4E19-8810-FB26EBC06E1D}.Ad-Hoc|x64.ActiveCfg = Debug|Any CPU
		{C36AD0C1-26BD-4E19-8810-FB26EBC06E1D}.Ad-Hoc|x64.Build.0 = Debug|Any CPU
		{C36AD0C1-26BD-4E19-8810-FB26EBC06E1D}.Ad-Hoc|x86.ActiveCfg = Debug|Any CPU
		{C36AD0C1-26BD-4E19-8810-FB26EBC06E1D}.Ad-Hoc|x86.Build.0 = Debug|Any CPU
		{C36AD0C1-26BD-4E19-8810-FB26EBC06E1D}.AppStore|Any CPU.ActiveCfg = Debug|Any CPU
		{C36AD0C1-26BD-4E19-8810-FB26EBC06E1D}.AppStore|Any CPU.Build.0 = Debug|Any CPU
		{C36AD0C1-26BD-4E19-8810-FB26EBC06E1D}.AppStore|ARM.ActiveCfg = Debug|Any CPU
		{C36AD0C1-26BD-4E19-8810-FB26EBC06E1D}.AppStore|ARM.Build.0 = Debug|Any CPU
		{C36AD0C1-26BD-4E19-8810-FB26EBC06E1D}.AppStore|iPhone.ActiveCfg = Debug|Any CPU
		{C36AD0C1-26BD-4E19-8810-FB26EBC06E1D}.AppStore|iPhone.Build.0 = Debug|Any CPU
		{C36AD0C1-26BD-4E19-8810-FB26EBC06E1D}.AppStore|iPhoneSimulator.ActiveCfg = Debug|Any CPU
		{C36AD0C1-26BD-4E19-8810-FB26EBC06E1D}.AppStore|iPhoneSimulator.Build.0 = Debug|Any CPU
		{C36AD0C1-26BD-4E19-8810-FB26EBC06E1D}.AppStore|x64.ActiveCfg = Debug|Any CPU
		{C36AD0C1-26BD-4E19-8810-FB26EBC06E1D}.AppStore|x64.Build.0 = Debug|Any CPU
		{C36AD0C1-26BD-4E19-8810-FB26EBC06E1D}.AppStore|x86.ActiveCfg = Debug|Any CPU
		{C36AD0C1-26BD-4E19-8810-FB26EBC06E1D}.AppStore|x86.Build.0 = Debug|Any CPU
		{C36AD0C1-26BD-4E19-8810-FB26EBC06E1D}.Debug|Any CPU.ActiveCfg = Debug|Any CPU
		{C36AD0C1-26BD-4E19-8810-FB26EBC06E1D}.Debug|Any CPU.Build.0 = Debug|Any CPU
		{C36AD0C1-26BD-4E19-8810-FB26EBC06E1D}.Debug|ARM.ActiveCfg = Debug|Any CPU
		{C36AD0C1-26BD-4E19-8810-FB26EBC06E1D}.Debug|ARM.Build.0 = Debug|Any CPU
		{C36AD0C1-26BD-4E19-8810-FB26EBC06E1D}.Debug|iPhone.ActiveCfg = Debug|Any CPU
		{C36AD0C1-26BD-4E19-8810-FB26EBC06E1D}.Debug|iPhone.Build.0 = Debug|Any CPU
		{C36AD0C1-26BD-4E19-8810-FB26EBC06E1D}.Debug|iPhoneSimulator.ActiveCfg = Debug|Any CPU
		{C36AD0C1-26BD-4E19-8810-FB26EBC06E1D}.Debug|iPhoneSimulator.Build.0 = Debug|Any CPU
		{C36AD0C1-26BD-4E19-8810-FB26EBC06E1D}.Debug|x64.ActiveCfg = Debug|Any CPU
		{C36AD0C1-26BD-4E19-8810-FB26EBC06E1D}.Debug|x64.Build.0 = Debug|Any CPU
		{C36AD0C1-26BD-4E19-8810-FB26EBC06E1D}.Debug|x86.ActiveCfg = Debug|Any CPU
		{C36AD0C1-26BD-4E19-8810-FB26EBC06E1D}.Debug|x86.Build.0 = Debug|Any CPU
		{C36AD0C1-26BD-4E19-8810-FB26EBC06E1D}.Release|Any CPU.ActiveCfg = Release|Any CPU
		{C36AD0C1-26BD-4E19-8810-FB26EBC06E1D}.Release|Any CPU.Build.0 = Release|Any CPU
		{C36AD0C1-26BD-4E19-8810-FB26EBC06E1D}.Release|ARM.ActiveCfg = Release|Any CPU
		{C36AD0C1-26BD-4E19-8810-FB26EBC06E1D}.Release|ARM.Build.0 = Release|Any CPU
		{C36AD0C1-26BD-4E19-8810-FB26EBC06E1D}.Release|iPhone.ActiveCfg = Release|Any CPU
		{C36AD0C1-26BD-4E19-8810-FB26EBC06E1D}.Release|iPhone.Build.0 = Release|Any CPU
		{C36AD0C1-26BD-4E19-8810-FB26EBC06E1D}.Release|iPhoneSimulator.ActiveCfg = Release|Any CPU
		{C36AD0C1-26BD-4E19-8810-FB26EBC06E1D}.Release|iPhoneSimulator.Build.0 = Release|Any CPU
		{C36AD0C1-26BD-4E19-8810-FB26EBC06E1D}.Release|x64.ActiveCfg = Release|Any CPU
		{C36AD0C1-26BD-4E19-8810-FB26EBC06E1D}.Release|x64.Build.0 = Release|Any CPU
		{C36AD0C1-26BD-4E19-8810-FB26EBC06E1D}.Release|x86.ActiveCfg = Release|Any CPU
		{C36AD0C1-26BD-4E19-8810-FB26EBC06E1D}.Release|x86.Build.0 = Release|Any CPU
	EndGlobalSection
	GlobalSection(SolutionProperties) = preSolution
		HideSolutionNode = FALSE
	EndGlobalSection
	GlobalSection(ExtensibilityGlobals) = postSolution
		SolutionGuid = {6A4FC20B-041B-4152-A8D9-45D68211072C}
	EndGlobalSection
EndGlobal
